{
  "name": "pi-extensions",
  "lockfileVersion": 3,
  "requires": true,
  "packages": {
    "": {
      "name": "pi-extensions",
      "dependencies": {
        "pi-antigravity": "^0.7.3"
      }
    },
    "node_modules/pi-antigravity": {
      "version": "0.7.3",
      "resolved": "https://registry.npmjs.org/pi-antigravity/-/pi-antigravity-0.7.3.tgz",
      "integrity": "sha512-wE2IsUOYWXB1OwRzTrskDaTD+MfiojtmKk+Q+sKxubPOx/1IsshJe3iCvyiswEqBg/RLAg3ZF7VoEVIsyI13aQ==",
      "license": "MIT",
      "dependencies": {
        "undici": "^8.10.0"
      },
      "peerDependencies": {
        "@earendil-works/pi-ai": ">=0.80.0",
        "@earendil-works/pi-coding-agent": ">=0.80.0"
      }
    },
    "node_modules/undici": {
      "version": "8.10.2",
      "resolved": "https://registry.npmjs.org/undici/-/undici-8.10.2.tgz",
      "integrity": "sha512-/y4/bH9YNU5hi9NIrpOuvGXFcxrj3CMrV+/AYpowAYTpHn8gX/XPFjNy766FPoYY0miQhdW977JFWKGNhBdwyQ==",
      "license": "MIT",
      "engines": {
        "node": ">=22.19.0"
      }
    }
  }
}
